
Microsoft Visual Studio Solution File, Format Version 12.00
Project("{FAE04EC0-301F-11D3-BF4B-00C04F79EFBC}") = "SatelSharp", "SatelSharp\SatelSharp.csproj", "{0472E744-0ABA-45C9-8654-6A2C122FB471}"
EndProject
Project("{FAE04EC0-301F-11D3-BF4B-00C04F79EFBC}") = "SatelSharp.UnitTests", "SatelSharp.UnitTests\SatelSharp.UnitTests.csproj", "{2E23B49A-5FDC-49A4-A8E2-CD5ED8A94CFF}"
EndProject
Global
	GlobalSection(SolutionConfigurationPlatforms) = preSolution
		Debug|Any CPU = Debug|Any CPU
		Release|Any CPU = Release|Any CPU
	EndGlobalSection
	GlobalSection(ProjectConfigurationPlatforms) = postSolution
		{0472E744-0ABA-45C9-8654-6A2C122FB471}.Debug|Any CPU.ActiveCfg = Debug|Any CPU
		{0472E744-0ABA-45C9-8654-6A2C122FB471}.Debug|Any CPU.Build.0 = Debug|Any CPU
		{0472E744-0ABA-45C9-8654-6A2C122FB471}.Release|Any CPU.ActiveCfg = Release|Any CPU
		{0472E744-0ABA-45C9-8654-6A2C122FB471}.Release|Any CPU.Build.0 = Release|Any CPU
		{2E23B49A-5FDC-49A4-A8E2-CD5ED8A94CFF}.Debug|Any CPU.ActiveCfg = Debug|Any CPU
		{2E23B49A-5FDC-49A4-A8E2-CD5ED8A94CFF}.Debug|Any CPU.Build.0 = Debug|Any CPU
		{2E23B49A-5FDC-49A4-A8E2-CD5ED8A94CFF}.Release|Any CPU.ActiveCfg = Release|Any CPU
		{2E23B49A-5FDC-49A4-A8E2-CD5ED8A94CFF}.Release|Any CPU.Build.0 = Release|Any CPU
	EndGlobalSection
	GlobalSection(NestedProjects) = preSolution
		{0472E744-0ABA-45C9-8654-6A2C122FB471} = {43F51B36-07F3-4B27-B0EA-0D882EC6C2B4}
		{2E23B49A-5FDC-49A4-A8E2-CD5ED8A94CFF} = {766CC643-E39D-43C2-987D-24DAE3DB2001}
	EndGlobalSection
EndGlobal
