
Microsoft Visual Studio Solution File, Format Version 12.00
Project("{FAE04EC0-301F-11D3-BF4B-00C04F79EFBC}") = "SatelSharp", "SatelSharp\SatelSharp.csproj", "{647E5305-17E5-46FE-B2B1-F9C03F4FB7CF}"
EndProject
Project("{FAE04EC0-301F-11D3-BF4B-00C04F79EFBC}") = "SatelSharp.UnitTests", "SatelSharp.UnitTests\SatelSharp.UnitTests.csproj", "{5832F04C-DF90-41CB-97E0-53C59F124F77}"
EndProject
Global
	GlobalSection(SolutionConfigurationPlatforms) = preSolution
		Debug|Any CPU = Debug|Any CPU
		Release|Any CPU = Release|Any CPU
	EndGlobalSection
	GlobalSection(ProjectConfigurationPlatforms) = postSolution
		{647E5305-17E5-46FE-B2B1-F9C03F4FB7CF}.Debug|Any CPU.ActiveCfg = Debug|Any CPU
		{647E5305-17E5-46FE-B2B1-F9C03F4FB7CF}.Debug|Any CPU.Build.0 = Debug|Any CPU
		{647E5305-17E5-46FE-B2B1-F9C03F4FB7CF}.Release|Any CPU.ActiveCfg = Release|Any CPU
		{647E5305-17E5-46FE-B2B1-F9C03F4FB7CF}.Release|Any CPU.Build.0 = Release|Any CPU
		{5832F04C-DF90-41CB-97E0-53C59F124F77}.Debug|Any CPU.ActiveCfg = Debug|Any CPU
		{5832F04C-DF90-41CB-97E0-53C59F124F77}.Debug|Any CPU.Build.0 = Debug|Any CPU
		{5832F04C-DF90-41CB-97E0-53C59F124F77}.Release|Any CPU.ActiveCfg = Release|Any CPU
		{5832F04C-DF90-41CB-97E0-53C59F124F77}.Release|Any CPU.Build.0 = Release|Any CPU
	EndGlobalSection
	GlobalSection(NestedProjects) = preSolution
	EndGlobalSection
EndGlobal
